
Microsoft Visual Studio Solution File, Format Version 12.00
# Visual Studio Version 17
VisualStudioVersion = 17.8.34330.188
MinimumVisualStudioVersion = 10.0.40219.1
Project("{FAE04EC0-301F-11D3-BF4B-00C04F79EFBC}") = "WebAppPartialVie", "WebAppPartialVie\WebAppPartialVie.csproj", "{79187767-6D8E-4473-8290-D334E344C989}"
EndProject
Global
	GlobalSection(SolutionConfigurationPlatforms) = preSolution
		Debug|Any CPU = Debug|Any CPU
		Release|Any CPU = Release|Any CPU
	EndGlobalSection
	GlobalSection(ProjectConfigurationPlatforms) = postSolution
		{79187767-6D8E-4473-8290-D334E344C989}.Debug|Any CPU.ActiveCfg = Debug|Any CPU
		{79187767-6D8E-4473-8290-D334E344C989}.Debug|Any CPU.Build.0 = Debug|Any CPU
		{79187767-6D8E-4473-8290-D334E344C989}.Release|Any CPU.ActiveCfg = Release|Any CPU
		{79187767-6D8E-4473-8290-D334E344C989}.Release|Any CPU.Build.0 = Release|Any CPU
	EndGlobalSection
	GlobalSection(SolutionProperties) = preSolution
		HideSolutionNode = FALSE
	EndGlobalSection
	GlobalSection(ExtensibilityGlobals) = postSolution
		SolutionGuid = {773D62E5-63E6-4582-9663-256C09DE30A9}
	EndGlobalSection
EndGlobal
